
Microsoft Visual Studio Solution File, Format Version 12.00
# Visual Studio Version 16
VisualStudioVersion = 16.0.29509.3
MinimumVisualStudioVersion = 15.0.26124.0
Project("{9A19103F-16F7-4668-BE54-9A1E7A4F7556}") = "CoreSharp.Common", "CoreSharp.Common\CoreSharp.Common.csproj", "{BDE123B6-E1D3-4EC8-AA9A-400B4E186141}"
EndProject
Project("{9A19103F-16F7-4668-BE54-9A1E7A4F7556}") = "CoreSharp.GraphQL", "CoreSharp.GraphQL\CoreSharp.GraphQL.csproj", "{82C48217-8FEF-4DDC-ABD3-68ED293A5A09}"
EndProject
Project("{9A19103F-16F7-4668-BE54-9A1E7A4F7556}") = "CoreSharp.DataAccess", "CoreSharp.DataAccess\CoreSharp.DataAccess.csproj", "{20BB5FED-AC99-4001-8B40-17CE969D6407}"
EndProject
Project("{9A19103F-16F7-4668-BE54-9A1E7A4F7556}") = "CoreSharp.Validation", "CoreSharp.Validation\CoreSharp.Validation.csproj", "{F0820FA5-B21B-46E1-8131-65085EDD439E}"
EndProject
Project("{9A19103F-16F7-4668-BE54-9A1E7A4F7556}") = "CoreSharp.NHibernate", "CoreSharp.NHibernate\CoreSharp.NHibernate.csproj", "{4BA99440-998F-4A5B-8CB7-44786F466C45}"
EndProject
Project("{9A19103F-16F7-4668-BE54-9A1E7A4F7556}") = "CoreSharp.Breeze", "CoreSharp.Breeze\CoreSharp.Breeze.csproj", "{E3D9913D-983C-4262-ABBC-791FB5E91C7C}"
EndProject
Project("{9A19103F-16F7-4668-BE54-9A1E7A4F7556}") = "CoreSharp.Cqrs", "CoreSharp.Cqrs\CoreSharp.Cqrs.csproj", "{424588EF-F3DE-427B-95CF-3966BF5F2B1F}"
EndProject
Project("{9A19103F-16F7-4668-BE54-9A1E7A4F7556}") = "CoreSharp.Cqrs.AspNetCore", "CoreSharp.Cqrs.AspNetCore\CoreSharp.Cqrs.AspNetCore.csproj", "{E292C09F-CA29-4298-AA15-D09762B08BA0}"
EndProject
Project("{9A19103F-16F7-4668-BE54-9A1E7A4F7556}") = "CoreSharp.Common.Tests", "CoreSharp.Common.Tests\CoreSharp.Common.Tests.csproj", "{1C376457-B5D6-486A-B9B0-624C62732BB1}"
EndProject
Project("{9A19103F-16F7-4668-BE54-9A1E7A4F7556}") = "CoreSharp.Cqrs.Tests", "CoreSharp.Cqrs.Tests\CoreSharp.Cqrs.Tests.csproj", "{CED0F029-2DF9-4D48-BBD1-D900FABEB872}"
EndProject
Project("{9A19103F-16F7-4668-BE54-9A1E7A4F7556}") = "CoreSharp.GraphQL.AspNetCore", "CoreSharp.GraphQL.AspNetCore\CoreSharp.GraphQL.AspNetCore.csproj", "{84EBFA18-FA5A-4CB7-84EF-71587B2E9D6B}"
EndProject
Project("{9A19103F-16F7-4668-BE54-9A1E7A4F7556}") = "CoreSharp.Identity", "CoreSharp.Identity\CoreSharp.Identity.csproj", "{72F25016-1AD5-4A97-ADB7-CABA1828E018}"
EndProject
Project("{9A19103F-16F7-4668-BE54-9A1E7A4F7556}") = "CoreSharp.NHibernate.PostgreSQL", "CoreSharp.NHibernate.PostgreSQL\CoreSharp.NHibernate.PostgreSQL.csproj", "{F62AECC7-806B-4C70-869B-23090558014B}"
EndProject
Project("{9A19103F-16F7-4668-BE54-9A1E7A4F7556}") = "CoreSharp.NHibernate.SQLServer", "CoreSharp.NHibernate.SQLServer\CoreSharp.NHibernate.SQLServer.csproj", "{3A8912E0-352F-48C4-B9B1-6D07E3C7DEC1}"
EndProject
Project("{9A19103F-16F7-4668-BE54-9A1E7A4F7556}") = "CoreSharp.NHibernate.CodeList", "CoreSharp.NHibernate.CodeList\CoreSharp.NHibernate.CodeList.csproj", "{16EF686B-0290-4426-9428-43610DBA05D6}"
EndProject
Project("{9A19103F-16F7-4668-BE54-9A1E7A4F7556}") = "CoreSharp.NHibernate.Generator", "CoreSharp.NHibernate.Generator\CoreSharp.NHibernate.Generator.csproj", "{DF01EFC5-C7D0-4894-A5FE-E31D903EA934}"
EndProject
Project("{2150E333-8FDC-42A3-9474-1A3956D46DE8}") = "Analyzers", "Analyzers", "{AB4E90CD-F6FF-4713-AB40-7FF03826EED8}"
EndProject
Project("{9A19103F-16F7-4668-BE54-9A1E7A4F7556}") = "CoreSharp.Analyzer.NHibernate", "Analyzers\CoreSharp.Analyzer.NHibernate\CoreSharp.Analyzer.NHibernate.csproj", "{ACA1117E-80C4-4500-8D55-6323DCEC0DC9}"
EndProject
Project("{9A19103F-16F7-4668-BE54-9A1E7A4F7556}") = "CoreSharp.NHibernate.Profiler", "CoreSharp.NHibernate.Profiler\CoreSharp.NHibernate.Profiler.csproj", "{D75B1706-59EE-4A45-B93F-B76B8D7BB665}"
EndProject
Project("{9A19103F-16F7-4668-BE54-9A1E7A4F7556}") = "CoreSharp.Validation.Tests", "CoreSharp.Validation.Tests\CoreSharp.Validation.Tests.csproj", "{26C701F2-8C77-48EC-A28C-56AE9101E71A}"
EndProject
Project("{9A19103F-16F7-4668-BE54-9A1E7A4F7556}") = "CoreSharp.Breeze.Tests", "CoreSharp.Breeze.Tests\CoreSharp.Breeze.Tests.csproj", "{71731484-4536-4799-B618-A6A2A3A90860}"
EndProject
Project("{9A19103F-16F7-4668-BE54-9A1E7A4F7556}") = "CoreSharp.NHibernate.SQLServer.Tests", "CoreSharp.NHibernate.SQLServer.Tests\CoreSharp.NHibernate.SQLServer.Tests.csproj", "{922F4105-991A-43E8-B608-3A1E26BC3D88}"
EndProject
Project("{9A19103F-16F7-4668-BE54-9A1E7A4F7556}") = "CoreSharp.Cqrs.Abstractions", "CoreSharp.Cqrs.Abstractions\CoreSharp.Cqrs.Abstractions.csproj", "{0EA45FC7-649E-4934-86A2-A75C21B43D49}"
EndProject
Project("{9A19103F-16F7-4668-BE54-9A1E7A4F7556}") = "CoreSharp.Common.Abstractions", "CoreSharp.Common.Abstractions\CoreSharp.Common.Abstractions.csproj", "{64A47A34-FFDF-472E-94C3-98FA8600C566}"
EndProject
Project("{9A19103F-16F7-4668-BE54-9A1E7A4F7556}") = "CoreSharp.Common.Extensions", "CoreSharp.Common.Extensions\CoreSharp.Common.Extensions.csproj", "{3729D89B-F234-4CC1-BDE5-1709D1136D07}"
EndProject
Project("{9A19103F-16F7-4668-BE54-9A1E7A4F7556}") = "CoreSharp.Common.Reflection", "CoreSharp.Common.Reflection\CoreSharp.Common.Reflection.csproj", "{B2A5A4B8-F511-4F82-9574-204C47082334}"
EndProject
Project("{9A19103F-16F7-4668-BE54-9A1E7A4F7556}") = "CoreSharp.Common.Internationalization", "CoreSharp.Common.Internationalization\CoreSharp.Common.Internationalization.csproj", "{17C73080-D9E4-4296-BD3F-05367D374EE0}"
EndProject
Project("{2150E333-8FDC-42A3-9474-1A3956D46DE8}") = "Common", "Common", "{308E70AE-9620-4294-8A29-10B1E8C13623}"
EndProject
Project("{2150E333-8FDC-42A3-9474-1A3956D46DE8}") = "Cqrs", "Cqrs", "{F6105F72-43B0-4CBE-AB3A-CA3758B4CD35}"
EndProject
Project("{9A19103F-16F7-4668-BE54-9A1E7A4F7556}") = "CoreSharp.DataAccess.Abstractions", "CoreSharp.DataAccess.Abstractions\CoreSharp.DataAccess.Abstractions.csproj", "{067092DF-1CEB-41A1-8DDA-F3A5BEA72D6F}"
EndProject
Project("{2150E333-8FDC-42A3-9474-1A3956D46DE8}") = "DataAccess", "DataAccess", "{109A6C5E-84C1-4695-8321-B9067592F27A}"
EndProject
Project("{2150E333-8FDC-42A3-9474-1A3956D46DE8}") = "Validation", "Validation", "{813C14BD-2754-4E11-8784-D9FAB841BD67}"
EndProject
Project("{9A19103F-16F7-4668-BE54-9A1E7A4F7556}") = "CoreSharp.Validation.Abstractions", "CoreSharp.Validation.Abstractions\CoreSharp.Validation.Abstractions.csproj", "{7F6089A7-7836-4CD1-BFF4-839124AF9D7A}"
EndProject
Project("{2150E333-8FDC-42A3-9474-1A3956D46DE8}") = "Identity", "Identity", "{D62C732A-084D-4EBF-811E-0B22C6BB4863}"
EndProject
Project("{9A19103F-16F7-4668-BE54-9A1E7A4F7556}") = "CoreSharp.Identity.Extensions", "CoreSharp.Identity.Extensions\CoreSharp.Identity.Extensions.csproj", "{60C5FA31-171F-42F2-A765-CEC93DF16220}"
EndProject
Project("{9A19103F-16F7-4668-BE54-9A1E7A4F7556}") = "CoreSharp.Cqrs.Resolver", "CoreSharp.Cqrs.Resolver\CoreSharp.Cqrs.Resolver.csproj", "{98ECED64-4AB9-430A-B162-648FEAAD1D87}"
EndProject
Project("{9A19103F-16F7-4668-BE54-9A1E7A4F7556}") = "CoreSharp.Cqrs.Grpc.Shared", "CoreSharp.Cqrs.Grpc.Shared\CoreSharp.Cqrs.Grpc.Shared.csproj", "{5A40AD62-1702-4CD5-80B6-1EF6AAABB7EA}"
EndProject
Project("{9A19103F-16F7-4668-BE54-9A1E7A4F7556}") = "CoreSharp.Cqrs.Grpc.Client", "CoreSharp.Cqrs.Grpc.Client\CoreSharp.Cqrs.Grpc.Client.csproj", "{9C02523B-DEBF-41B7-95C0-BEAA4598903E}"
EndProject
Project("{9A19103F-16F7-4668-BE54-9A1E7A4F7556}") = "CoreSharp.Cqrs.Grpc.Processors", "CoreSharp.Cqrs.Grpc.Processors\CoreSharp.Cqrs.Grpc.Processors.csproj", "{DEFDAC51-C6A3-4D80-AC52-A5DF276298D5}"
EndProject
Project("{9A19103F-16F7-4668-BE54-9A1E7A4F7556}") = "CoreSharp.Cqrs.Grpc.Server", "CoreSharp.Cqrs.Grpc.Server\CoreSharp.Cqrs.Grpc.Server.csproj", "{EB2A11D8-EFEB-4352-82CD-68A3B5EEDF99}"
EndProject
Project("{9A19103F-16F7-4668-BE54-9A1E7A4F7556}") = "CoreSharp.Cqrs.Grpc.AspNetCore", "CoreSharp.Cqrs.Grpc.AspNetCore\CoreSharp.Cqrs.Grpc.AspNetCore.csproj", "{73CDCC6F-E145-4F5A-8D98-EFBE2100297D}"
EndProject
Project("{9A19103F-16F7-4668-BE54-9A1E7A4F7556}") = "CoreSharp.Cqrs.Grpc.Server.Host", "CoreSharp.Cqrs.Grpc.Server.Host\CoreSharp.Cqrs.Grpc.Server.Host.csproj", "{10FEEC7F-EE7C-4A09-9FB9-9AD539FB6F52}"
EndProject
Project("{9A19103F-16F7-4668-BE54-9A1E7A4F7556}") = "CoreSharp.Cqrs.Mvc", "CoreSharp.Cqrs.Mvc\CoreSharp.Cqrs.Mvc.csproj", "{98A3FA7E-B70D-48E4-B5A3-CDC8395DE114}"
EndProject
Project("{9A19103F-16F7-4668-BE54-9A1E7A4F7556}") = "CoreSharp.Cqrs.Validation", "CoreSharp.Cqrs.Validation\CoreSharp.Cqrs.Validation.csproj", "{C9448B9D-93E8-4391-AF70-6D5DD954EDAF}"
EndProject
Project("{9A19103F-16F7-4668-BE54-9A1E7A4F7556}") = "CoreSharp.Mvc.Formatters", "CoreSharp.Mvc.Formatters\CoreSharp.Mvc.Formatters.csproj", "{A6D76085-63EF-4B2C-A3D6-B096392E98CC}"
EndProject
Project("{9A19103F-16F7-4668-BE54-9A1E7A4F7556}") = "_build", "build\_build.csproj", "{FBF7815A-2F16-43C1-8D21-EF4E6616446A}"
EndProject
Project("{FAE04EC0-301F-11D3-BF4B-00C04F79EFBC}") = "CoreSharp.NHibernate.SourceGenerator", "CoreSharp.NHibernate.SourceGenerator\CoreSharp.NHibernate.SourceGenerator.csproj", "{19881C1A-D1CA-40BD-8579-7543C4315902}"
EndProject
Project("{9A19103F-16F7-4668-BE54-9A1E7A4F7556}") = "CoreSharp.Identity.Jwt", "CoreSharp.Identity.Jwt\CoreSharp.Identity.Jwt.csproj", "{396EE263-834E-4B86-AFDE-06D72525A78B}"
EndProject
Project("{9A19103F-16F7-4668-BE54-9A1E7A4F7556}") = "CoreSharp.Cqrs.Grpc.AspNetCore.Jwt", "CoreSharp.Cqrs.Grpc.AspNetCore.Jwt\CoreSharp.Cqrs.Grpc.AspNetCore.Jwt.csproj", "{D7BEB632-2975-4330-904B-AB590FF0B2F8}"
EndProject
Global
	GlobalSection(SolutionConfigurationPlatforms) = preSolution
		Debug|Any CPU = Debug|Any CPU
		Release|Any CPU = Release|Any CPU
	EndGlobalSection
	GlobalSection(ProjectConfigurationPlatforms) = postSolution
		{BDE123B6-E1D3-4EC8-AA9A-400B4E186141}.Debug|Any CPU.ActiveCfg = Debug|Any CPU
		{BDE123B6-E1D3-4EC8-AA9A-400B4E186141}.Debug|Any CPU.Build.0 = Debug|Any CPU
		{BDE123B6-E1D3-4EC8-AA9A-400B4E186141}.Release|Any CPU.ActiveCfg = Release|Any CPU
		{BDE123B6-E1D3-4EC8-AA9A-400B4E186141}.Release|Any CPU.Build.0 = Release|Any CPU
		{82C48217-8FEF-4DDC-ABD3-68ED293A5A09}.Debug|Any CPU.ActiveCfg = Debug|Any CPU
		{82C48217-8FEF-4DDC-ABD3-68ED293A5A09}.Debug|Any CPU.Build.0 = Debug|Any CPU
		{82C48217-8FEF-4DDC-ABD3-68ED293A5A09}.Release|Any CPU.ActiveCfg = Release|Any CPU
		{82C48217-8FEF-4DDC-ABD3-68ED293A5A09}.Release|Any CPU.Build.0 = Release|Any CPU
		{20BB5FED-AC99-4001-8B40-17CE969D6407}.Debug|Any CPU.ActiveCfg = Debug|Any CPU
		{20BB5FED-AC99-4001-8B40-17CE969D6407}.Debug|Any CPU.Build.0 = Debug|Any CPU
		{20BB5FED-AC99-4001-8B40-17CE969D6407}.Release|Any CPU.ActiveCfg = Release|Any CPU
		{20BB5FED-AC99-4001-8B40-17CE969D6407}.Release|Any CPU.Build.0 = Release|Any CPU
		{F0820FA5-B21B-46E1-8131-65085EDD439E}.Debug|Any CPU.ActiveCfg = Debug|Any CPU
		{F0820FA5-B21B-46E1-8131-65085EDD439E}.Debug|Any CPU.Build.0 = Debug|Any CPU
		{F0820FA5-B21B-46E1-8131-65085EDD439E}.Release|Any CPU.ActiveCfg = Release|Any CPU
		{F0820FA5-B21B-46E1-8131-65085EDD439E}.Release|Any CPU.Build.0 = Release|Any CPU
		{4BA99440-998F-4A5B-8CB7-44786F466C45}.Debug|Any CPU.ActiveCfg = Debug|Any CPU
		{4BA99440-998F-4A5B-8CB7-44786F466C45}.Debug|Any CPU.Build.0 = Debug|Any CPU
		{4BA99440-998F-4A5B-8CB7-44786F466C45}.Release|Any CPU.ActiveCfg = Release|Any CPU
		{4BA99440-998F-4A5B-8CB7-44786F466C45}.Release|Any CPU.Build.0 = Release|Any CPU
		{E3D9913D-983C-4262-ABBC-791FB5E91C7C}.Debug|Any CPU.ActiveCfg = Debug|Any CPU
		{E3D9913D-983C-4262-ABBC-791FB5E91C7C}.Debug|Any CPU.Build.0 = Debug|Any CPU
		{E3D9913D-983C-4262-ABBC-791FB5E91C7C}.Release|Any CPU.ActiveCfg = Release|Any CPU
		{E3D9913D-983C-4262-ABBC-791FB5E91C7C}.Release|Any CPU.Build.0 = Release|Any CPU
		{424588EF-F3DE-427B-95CF-3966BF5F2B1F}.Debug|Any CPU.ActiveCfg = Debug|Any CPU
		{424588EF-F3DE-427B-95CF-3966BF5F2B1F}.Debug|Any CPU.Build.0 = Debug|Any CPU
		{424588EF-F3DE-427B-95CF-3966BF5F2B1F}.Release|Any CPU.ActiveCfg = Release|Any CPU
		{424588EF-F3DE-427B-95CF-3966BF5F2B1F}.Release|Any CPU.Build.0 = Release|Any CPU
		{E292C09F-CA29-4298-AA15-D09762B08BA0}.Debug|Any CPU.ActiveCfg = Debug|Any CPU
		{E292C09F-CA29-4298-AA15-D09762B08BA0}.Debug|Any CPU.Build.0 = Debug|Any CPU
		{E292C09F-CA29-4298-AA15-D09762B08BA0}.Release|Any CPU.ActiveCfg = Release|Any CPU
		{E292C09F-CA29-4298-AA15-D09762B08BA0}.Release|Any CPU.Build.0 = Release|Any CPU
		{1C376457-B5D6-486A-B9B0-624C62732BB1}.Debug|Any CPU.ActiveCfg = Debug|Any CPU
		{1C376457-B5D6-486A-B9B0-624C62732BB1}.Debug|Any CPU.Build.0 = Debug|Any CPU
		{1C376457-B5D6-486A-B9B0-624C62732BB1}.Release|Any CPU.ActiveCfg = Release|Any CPU
		{1C376457-B5D6-486A-B9B0-624C62732BB1}.Release|Any CPU.Build.0 = Release|Any CPU
		{CED0F029-2DF9-4D48-BBD1-D900FABEB872}.Debug|Any CPU.ActiveCfg = Debug|Any CPU
		{CED0F029-2DF9-4D48-BBD1-D900FABEB872}.Debug|Any CPU.Build.0 = Debug|Any CPU
		{CED0F029-2DF9-4D48-BBD1-D900FABEB872}.Release|Any CPU.ActiveCfg = Release|Any CPU
		{CED0F029-2DF9-4D48-BBD1-D900FABEB872}.Release|Any CPU.Build.0 = Release|Any CPU
		{84EBFA18-FA5A-4CB7-84EF-71587B2E9D6B}.Debug|Any CPU.ActiveCfg = Debug|Any CPU
		{84EBFA18-FA5A-4CB7-84EF-71587B2E9D6B}.Debug|Any CPU.Build.0 = Debug|Any CPU
		{84EBFA18-FA5A-4CB7-84EF-71587B2E9D6B}.Release|Any CPU.ActiveCfg = Release|Any CPU
		{84EBFA18-FA5A-4CB7-84EF-71587B2E9D6B}.Release|Any CPU.Build.0 = Release|Any CPU
		{72F25016-1AD5-4A97-ADB7-CABA1828E018}.Debug|Any CPU.ActiveCfg = Debug|Any CPU
		{72F25016-1AD5-4A97-ADB7-CABA1828E018}.Debug|Any CPU.Build.0 = Debug|Any CPU
		{72F25016-1AD5-4A97-ADB7-CABA1828E018}.Release|Any CPU.ActiveCfg = Release|Any CPU
		{72F25016-1AD5-4A97-ADB7-CABA1828E018}.Release|Any CPU.Build.0 = Release|Any CPU
		{F62AECC7-806B-4C70-869B-23090558014B}.Debug|Any CPU.ActiveCfg = Debug|Any CPU
		{F62AECC7-806B-4C70-869B-23090558014B}.Debug|Any CPU.Build.0 = Debug|Any CPU
		{F62AECC7-806B-4C70-869B-23090558014B}.Release|Any CPU.ActiveCfg = Release|Any CPU
		{F62AECC7-806B-4C70-869B-23090558014B}.Release|Any CPU.Build.0 = Release|Any CPU
		{3A8912E0-352F-48C4-B9B1-6D07E3C7DEC1}.Debug|Any CPU.ActiveCfg = Debug|Any CPU
		{3A8912E0-352F-48C4-B9B1-6D07E3C7DEC1}.Debug|Any CPU.Build.0 = Debug|Any CPU
		{3A8912E0-352F-48C4-B9B1-6D07E3C7DEC1}.Release|Any CPU.ActiveCfg = Release|Any CPU
		{3A8912E0-352F-48C4-B9B1-6D07E3C7DEC1}.Release|Any CPU.Build.0 = Release|Any CPU
		{16EF686B-0290-4426-9428-43610DBA05D6}.Debug|Any CPU.ActiveCfg = Debug|Any CPU
		{16EF686B-0290-4426-9428-43610DBA05D6}.Debug|Any CPU.Build.0 = Debug|Any CPU
		{16EF686B-0290-4426-9428-43610DBA05D6}.Release|Any CPU.ActiveCfg = Release|Any CPU
		{16EF686B-0290-4426-9428-43610DBA05D6}.Release|Any CPU.Build.0 = Release|Any CPU
		{DF01EFC5-C7D0-4894-A5FE-E31D903EA934}.Debug|Any CPU.ActiveCfg = Debug|Any CPU
		{DF01EFC5-C7D0-4894-A5FE-E31D903EA934}.Debug|Any CPU.Build.0 = Debug|Any CPU
		{DF01EFC5-C7D0-4894-A5FE-E31D903EA934}.Release|Any CPU.ActiveCfg = Release|Any CPU
		{DF01EFC5-C7D0-4894-A5FE-E31D903EA934}.Release|Any CPU.Build.0 = Release|Any CPU
		{ACA1117E-80C4-4500-8D55-6323DCEC0DC9}.Debug|Any CPU.ActiveCfg = Debug|Any CPU
		{ACA1117E-80C4-4500-8D55-6323DCEC0DC9}.Debug|Any CPU.Build.0 = Debug|Any CPU
		{ACA1117E-80C4-4500-8D55-6323DCEC0DC9}.Release|Any CPU.ActiveCfg = Release|Any CPU
		{ACA1117E-80C4-4500-8D55-6323DCEC0DC9}.Release|Any CPU.Build.0 = Release|Any CPU
		{D75B1706-59EE-4A45-B93F-B76B8D7BB665}.Debug|Any CPU.ActiveCfg = Debug|Any CPU
		{D75B1706-59EE-4A45-B93F-B76B8D7BB665}.Debug|Any CPU.Build.0 = Debug|Any CPU
		{D75B1706-59EE-4A45-B93F-B76B8D7BB665}.Release|Any CPU.ActiveCfg = Release|Any CPU
		{D75B1706-59EE-4A45-B93F-B76B8D7BB665}.Release|Any CPU.Build.0 = Release|Any CPU
		{26C701F2-8C77-48EC-A28C-56AE9101E71A}.Debug|Any CPU.ActiveCfg = Debug|Any CPU
		{26C701F2-8C77-48EC-A28C-56AE9101E71A}.Debug|Any CPU.Build.0 = Debug|Any CPU
		{26C701F2-8C77-48EC-A28C-56AE9101E71A}.Release|Any CPU.ActiveCfg = Release|Any CPU
		{26C701F2-8C77-48EC-A28C-56AE9101E71A}.Release|Any CPU.Build.0 = Release|Any CPU
		{71731484-4536-4799-B618-A6A2A3A90860}.Debug|Any CPU.ActiveCfg = Debug|Any CPU
		{71731484-4536-4799-B618-A6A2A3A90860}.Debug|Any CPU.Build.0 = Debug|Any CPU
		{71731484-4536-4799-B618-A6A2A3A90860}.Release|Any CPU.ActiveCfg = Release|Any CPU
		{71731484-4536-4799-B618-A6A2A3A90860}.Release|Any CPU.Build.0 = Release|Any CPU
		{922F4105-991A-43E8-B608-3A1E26BC3D88}.Debug|Any CPU.ActiveCfg = Debug|Any CPU
		{922F4105-991A-43E8-B608-3A1E26BC3D88}.Debug|Any CPU.Build.0 = Debug|Any CPU
		{922F4105-991A-43E8-B608-3A1E26BC3D88}.Release|Any CPU.ActiveCfg = Release|Any CPU
		{922F4105-991A-43E8-B608-3A1E26BC3D88}.Release|Any CPU.Build.0 = Release|Any CPU
		{0EA45FC7-649E-4934-86A2-A75C21B43D49}.Debug|Any CPU.ActiveCfg = Debug|Any CPU
		{0EA45FC7-649E-4934-86A2-A75C21B43D49}.Debug|Any CPU.Build.0 = Debug|Any CPU
		{0EA45FC7-649E-4934-86A2-A75C21B43D49}.Release|Any CPU.ActiveCfg = Release|Any CPU
		{0EA45FC7-649E-4934-86A2-A75C21B43D49}.Release|Any CPU.Build.0 = Release|Any CPU
		{64A47A34-FFDF-472E-94C3-98FA8600C566}.Debug|Any CPU.ActiveCfg = Debug|Any CPU
		{64A47A34-FFDF-472E-94C3-98FA8600C566}.Debug|Any CPU.Build.0 = Debug|Any CPU
		{64A47A34-FFDF-472E-94C3-98FA8600C566}.Release|Any CPU.ActiveCfg = Release|Any CPU
		{64A47A34-FFDF-472E-94C3-98FA8600C566}.Release|Any CPU.Build.0 = Release|Any CPU
		{3729D89B-F234-4CC1-BDE5-1709D1136D07}.Debug|Any CPU.ActiveCfg = Debug|Any CPU
		{3729D89B-F234-4CC1-BDE5-1709D1136D07}.Debug|Any CPU.Build.0 = Debug|Any CPU
		{3729D89B-F234-4CC1-BDE5-1709D1136D07}.Release|Any CPU.ActiveCfg = Release|Any CPU
		{3729D89B-F234-4CC1-BDE5-1709D1136D07}.Release|Any CPU.Build.0 = Release|Any CPU
		{B2A5A4B8-F511-4F82-9574-204C47082334}.Debug|Any CPU.ActiveCfg = Debug|Any CPU
		{B2A5A4B8-F511-4F82-9574-204C47082334}.Debug|Any CPU.Build.0 = Debug|Any CPU
		{B2A5A4B8-F511-4F82-9574-204C47082334}.Release|Any CPU.ActiveCfg = Release|Any CPU
		{B2A5A4B8-F511-4F82-9574-204C47082334}.Release|Any CPU.Build.0 = Release|Any CPU
		{17C73080-D9E4-4296-BD3F-05367D374EE0}.Debug|Any CPU.ActiveCfg = Debug|Any CPU
		{17C73080-D9E4-4296-BD3F-05367D374EE0}.Debug|Any CPU.Build.0 = Debug|Any CPU
		{17C73080-D9E4-4296-BD3F-05367D374EE0}.Release|Any CPU.ActiveCfg = Release|Any CPU
		{17C73080-D9E4-4296-BD3F-05367D374EE0}.Release|Any CPU.Build.0 = Release|Any CPU
		{067092DF-1CEB-41A1-8DDA-F3A5BEA72D6F}.Debug|Any CPU.ActiveCfg = Debug|Any CPU
		{067092DF-1CEB-41A1-8DDA-F3A5BEA72D6F}.Debug|Any CPU.Build.0 = Debug|Any CPU
		{067092DF-1CEB-41A1-8DDA-F3A5BEA72D6F}.Release|Any CPU.ActiveCfg = Release|Any CPU
		{067092DF-1CEB-41A1-8DDA-F3A5BEA72D6F}.Release|Any CPU.Build.0 = Release|Any CPU
		{7F6089A7-7836-4CD1-BFF4-839124AF9D7A}.Debug|Any CPU.ActiveCfg = Debug|Any CPU
		{7F6089A7-7836-4CD1-BFF4-839124AF9D7A}.Debug|Any CPU.Build.0 = Debug|Any CPU
		{7F6089A7-7836-4CD1-BFF4-839124AF9D7A}.Release|Any CPU.ActiveCfg = Release|Any CPU
		{7F6089A7-7836-4CD1-BFF4-839124AF9D7A}.Release|Any CPU.Build.0 = Release|Any CPU
		{60C5FA31-171F-42F2-A765-CEC93DF16220}.Debug|Any CPU.ActiveCfg = Debug|Any CPU
		{60C5FA31-171F-42F2-A765-CEC93DF16220}.Debug|Any CPU.Build.0 = Debug|Any CPU
		{60C5FA31-171F-42F2-A765-CEC93DF16220}.Release|Any CPU.ActiveCfg = Release|Any CPU
		{60C5FA31-171F-42F2-A765-CEC93DF16220}.Release|Any CPU.Build.0 = Release|Any CPU
		{98ECED64-4AB9-430A-B162-648FEAAD1D87}.Debug|Any CPU.ActiveCfg = Debug|Any CPU
		{98ECED64-4AB9-430A-B162-648FEAAD1D87}.Debug|Any CPU.Build.0 = Debug|Any CPU
		{98ECED64-4AB9-430A-B162-648FEAAD1D87}.Release|Any CPU.ActiveCfg = Release|Any CPU
		{98ECED64-4AB9-430A-B162-648FEAAD1D87}.Release|Any CPU.Build.0 = Release|Any CPU
		{5A40AD62-1702-4CD5-80B6-1EF6AAABB7EA}.Debug|Any CPU.ActiveCfg = Debug|Any CPU
		{5A40AD62-1702-4CD5-80B6-1EF6AAABB7EA}.Debug|Any CPU.Build.0 = Debug|Any CPU
		{5A40AD62-1702-4CD5-80B6-1EF6AAABB7EA}.Release|Any CPU.ActiveCfg = Release|Any CPU
		{5A40AD62-1702-4CD5-80B6-1EF6AAABB7EA}.Release|Any CPU.Build.0 = Release|Any CPU
		{9C02523B-DEBF-41B7-95C0-BEAA4598903E}.Debug|Any CPU.ActiveCfg = Debug|Any CPU
		{9C02523B-DEBF-41B7-95C0-BEAA4598903E}.Debug|Any CPU.Build.0 = Debug|Any CPU
		{9C02523B-DEBF-41B7-95C0-BEAA4598903E}.Release|Any CPU.ActiveCfg = Release|Any CPU
		{9C02523B-DEBF-41B7-95C0-BEAA4598903E}.Release|Any CPU.Build.0 = Release|Any CPU
		{DEFDAC51-C6A3-4D80-AC52-A5DF276298D5}.Debug|Any CPU.ActiveCfg = Debug|Any CPU
		{DEFDAC51-C6A3-4D80-AC52-A5DF276298D5}.Debug|Any CPU.Build.0 = Debug|Any CPU
		{DEFDAC51-C6A3-4D80-AC52-A5DF276298D5}.Release|Any CPU.ActiveCfg = Release|Any CPU
		{DEFDAC51-C6A3-4D80-AC52-A5DF276298D5}.Release|Any CPU.Build.0 = Release|Any CPU
		{EB2A11D8-EFEB-4352-82CD-68A3B5EEDF99}.Debug|Any CPU.ActiveCfg = Debug|Any CPU
		{EB2A11D8-EFEB-4352-82CD-68A3B5EEDF99}.Debug|Any CPU.Build.0 = Debug|Any CPU
		{EB2A11D8-EFEB-4352-82CD-68A3B5EEDF99}.Release|Any CPU.ActiveCfg = Release|Any CPU
		{EB2A11D8-EFEB-4352-82CD-68A3B5EEDF99}.Release|Any CPU.Build.0 = Release|Any CPU
		{73CDCC6F-E145-4F5A-8D98-EFBE2100297D}.Debug|Any CPU.ActiveCfg = Debug|Any CPU
		{73CDCC6F-E145-4F5A-8D98-EFBE2100297D}.Debug|Any CPU.Build.0 = Debug|Any CPU
		{73CDCC6F-E145-4F5A-8D98-EFBE2100297D}.Release|Any CPU.ActiveCfg = Release|Any CPU
		{73CDCC6F-E145-4F5A-8D98-EFBE2100297D}.Release|Any CPU.Build.0 = Release|Any CPU
		{10FEEC7F-EE7C-4A09-9FB9-9AD539FB6F52}.Debug|Any CPU.ActiveCfg = Debug|Any CPU
		{10FEEC7F-EE7C-4A09-9FB9-9AD539FB6F52}.Debug|Any CPU.Build.0 = Debug|Any CPU
		{10FEEC7F-EE7C-4A09-9FB9-9AD539FB6F52}.Release|Any CPU.ActiveCfg = Release|Any CPU
		{10FEEC7F-EE7C-4A09-9FB9-9AD539FB6F52}.Release|Any CPU.Build.0 = Release|Any CPU
		{98A3FA7E-B70D-48E4-B5A3-CDC8395DE114}.Debug|Any CPU.ActiveCfg = Debug|Any CPU
		{98A3FA7E-B70D-48E4-B5A3-CDC8395DE114}.Debug|Any CPU.Build.0 = Debug|Any CPU
		{98A3FA7E-B70D-48E4-B5A3-CDC8395DE114}.Release|Any CPU.ActiveCfg = Release|Any CPU
		{98A3FA7E-B70D-48E4-B5A3-CDC8395DE114}.Release|Any CPU.Build.0 = Release|Any CPU
		{C9448B9D-93E8-4391-AF70-6D5DD954EDAF}.Debug|Any CPU.ActiveCfg = Debug|Any CPU
		{C9448B9D-93E8-4391-AF70-6D5DD954EDAF}.Debug|Any CPU.Build.0 = Debug|Any CPU
		{C9448B9D-93E8-4391-AF70-6D5DD954EDAF}.Release|Any CPU.ActiveCfg = Release|Any CPU
		{C9448B9D-93E8-4391-AF70-6D5DD954EDAF}.Release|Any CPU.Build.0 = Release|Any CPU
		{A6D76085-63EF-4B2C-A3D6-B096392E98CC}.Debug|Any CPU.ActiveCfg = Debug|Any CPU
		{A6D76085-63EF-4B2C-A3D6-B096392E98CC}.Debug|Any CPU.Build.0 = Debug|Any CPU
		{A6D76085-63EF-4B2C-A3D6-B096392E98CC}.Release|Any CPU.ActiveCfg = Release|Any CPU
		{A6D76085-63EF-4B2C-A3D6-B096392E98CC}.Release|Any CPU.Build.0 = Release|Any CPU
		{19881C1A-D1CA-40BD-8579-7543C4315902}.Debug|Any CPU.ActiveCfg = Debug|Any CPU
		{19881C1A-D1CA-40BD-8579-7543C4315902}.Debug|Any CPU.Build.0 = Debug|Any CPU
		{19881C1A-D1CA-40BD-8579-7543C4315902}.Release|Any CPU.ActiveCfg = Release|Any CPU
		{19881C1A-D1CA-40BD-8579-7543C4315902}.Release|Any CPU.Build.0 = Release|Any CPU
		{FBF7815A-2F16-43C1-8D21-EF4E6616446A}.Debug|Any CPU.ActiveCfg = Debug|Any CPU
		{FBF7815A-2F16-43C1-8D21-EF4E6616446A}.Release|Any CPU.ActiveCfg = Release|Any CPU
		{396EE263-834E-4B86-AFDE-06D72525A78B}.Debug|Any CPU.ActiveCfg = Debug|Any CPU
		{396EE263-834E-4B86-AFDE-06D72525A78B}.Debug|Any CPU.Build.0 = Debug|Any CPU
		{396EE263-834E-4B86-AFDE-06D72525A78B}.Release|Any CPU.ActiveCfg = Release|Any CPU
		{396EE263-834E-4B86-AFDE-06D72525A78B}.Release|Any CPU.Build.0 = Release|Any CPU
		{D7BEB632-2975-4330-904B-AB590FF0B2F8}.Debug|Any CPU.ActiveCfg = Debug|Any CPU
		{D7BEB632-2975-4330-904B-AB590FF0B2F8}.Debug|Any CPU.Build.0 = Debug|Any CPU
		{D7BEB632-2975-4330-904B-AB590FF0B2F8}.Release|Any CPU.ActiveCfg = Release|Any CPU
		{D7BEB632-2975-4330-904B-AB590FF0B2F8}.Release|Any CPU.Build.0 = Release|Any CPU
	EndGlobalSection
	GlobalSection(SolutionProperties) = preSolution
		HideSolutionNode = FALSE
	EndGlobalSection
	GlobalSection(NestedProjects) = preSolution
		{BDE123B6-E1D3-4EC8-AA9A-400B4E186141} = {308E70AE-9620-4294-8A29-10B1E8C13623}
		{20BB5FED-AC99-4001-8B40-17CE969D6407} = {109A6C5E-84C1-4695-8321-B9067592F27A}
		{F0820FA5-B21B-46E1-8131-65085EDD439E} = {813C14BD-2754-4E11-8784-D9FAB841BD67}
		{424588EF-F3DE-427B-95CF-3966BF5F2B1F} = {F6105F72-43B0-4CBE-AB3A-CA3758B4CD35}
		{E292C09F-CA29-4298-AA15-D09762B08BA0} = {F6105F72-43B0-4CBE-AB3A-CA3758B4CD35}
		{1C376457-B5D6-486A-B9B0-624C62732BB1} = {308E70AE-9620-4294-8A29-10B1E8C13623}
		{CED0F029-2DF9-4D48-BBD1-D900FABEB872} = {F6105F72-43B0-4CBE-AB3A-CA3758B4CD35}
		{72F25016-1AD5-4A97-ADB7-CABA1828E018} = {D62C732A-084D-4EBF-811E-0B22C6BB4863}
		{ACA1117E-80C4-4500-8D55-6323DCEC0DC9} = {AB4E90CD-F6FF-4713-AB40-7FF03826EED8}
		{26C701F2-8C77-48EC-A28C-56AE9101E71A} = {813C14BD-2754-4E11-8784-D9FAB841BD67}
		{0EA45FC7-649E-4934-86A2-A75C21B43D49} = {F6105F72-43B0-4CBE-AB3A-CA3758B4CD35}
		{64A47A34-FFDF-472E-94C3-98FA8600C566} = {308E70AE-9620-4294-8A29-10B1E8C13623}
		{3729D89B-F234-4CC1-BDE5-1709D1136D07} = {308E70AE-9620-4294-8A29-10B1E8C13623}
		{B2A5A4B8-F511-4F82-9574-204C47082334} = {308E70AE-9620-4294-8A29-10B1E8C13623}
		{17C73080-D9E4-4296-BD3F-05367D374EE0} = {308E70AE-9620-4294-8A29-10B1E8C13623}
		{067092DF-1CEB-41A1-8DDA-F3A5BEA72D6F} = {109A6C5E-84C1-4695-8321-B9067592F27A}
		{7F6089A7-7836-4CD1-BFF4-839124AF9D7A} = {813C14BD-2754-4E11-8784-D9FAB841BD67}
		{60C5FA31-171F-42F2-A765-CEC93DF16220} = {D62C732A-084D-4EBF-811E-0B22C6BB4863}
		{98ECED64-4AB9-430A-B162-648FEAAD1D87} = {F6105F72-43B0-4CBE-AB3A-CA3758B4CD35}
		{5A40AD62-1702-4CD5-80B6-1EF6AAABB7EA} = {F6105F72-43B0-4CBE-AB3A-CA3758B4CD35}
		{9C02523B-DEBF-41B7-95C0-BEAA4598903E} = {F6105F72-43B0-4CBE-AB3A-CA3758B4CD35}
		{DEFDAC51-C6A3-4D80-AC52-A5DF276298D5} = {F6105F72-43B0-4CBE-AB3A-CA3758B4CD35}
		{EB2A11D8-EFEB-4352-82CD-68A3B5EEDF99} = {F6105F72-43B0-4CBE-AB3A-CA3758B4CD35}
		{73CDCC6F-E145-4F5A-8D98-EFBE2100297D} = {F6105F72-43B0-4CBE-AB3A-CA3758B4CD35}
		{10FEEC7F-EE7C-4A09-9FB9-9AD539FB6F52} = {F6105F72-43B0-4CBE-AB3A-CA3758B4CD35}
		{98A3FA7E-B70D-48E4-B5A3-CDC8395DE114} = {F6105F72-43B0-4CBE-AB3A-CA3758B4CD35}
		{C9448B9D-93E8-4391-AF70-6D5DD954EDAF} = {F6105F72-43B0-4CBE-AB3A-CA3758B4CD35}
		{396EE263-834E-4B86-AFDE-06D72525A78B} = {D62C732A-084D-4EBF-811E-0B22C6BB4863}
		{D7BEB632-2975-4330-904B-AB590FF0B2F8} = {F6105F72-43B0-4CBE-AB3A-CA3758B4CD35}
	EndGlobalSection
	GlobalSection(ExtensibilityGlobals) = postSolution
		SolutionGuid = {AC5FB6CC-0977-47B3-8BD1-FCFE1EEC64F2}
	EndGlobalSection
EndGlobal
