
Microsoft Visual Studio Solution File, Format Version 12.00
# Visual Studio 15
VisualStudioVersion = 15.0.26124.0
MinimumVisualStudioVersion = 15.0.26124.0
Project("{FAE04EC0-301F-11D3-BF4B-00C04F79EFBC}") = "CoreSharp.Common", "CoreSharp.Common\CoreSharp.Common.csproj", "{BDE123B6-E1D3-4EC8-AA9A-400B4E186141}"
EndProject
Project("{FAE04EC0-301F-11D3-BF4B-00C04F79EFBC}") = "CoreSharp.GraphQL", "CoreSharp.GraphQL\CoreSharp.GraphQL.csproj", "{82C48217-8FEF-4DDC-ABD3-68ED293A5A09}"
EndProject
Project("{FAE04EC0-301F-11D3-BF4B-00C04F79EFBC}") = "CoreSharp.DataAccess", "CoreSharp.DataAccess\CoreSharp.DataAccess.csproj", "{20BB5FED-AC99-4001-8B40-17CE969D6407}"
EndProject
Project("{FAE04EC0-301F-11D3-BF4B-00C04F79EFBC}") = "CoreSharp.Validation", "CoreSharp.Validation\CoreSharp.Validation.csproj", "{F0820FA5-B21B-46E1-8131-65085EDD439E}"
EndProject
Project("{FAE04EC0-301F-11D3-BF4B-00C04F79EFBC}") = "CoreSharp.NHibernate", "CoreSharp.NHibernate\CoreSharp.NHibernate.csproj", "{4BA99440-998F-4A5B-8CB7-44786F466C45}"
EndProject
Project("{FAE04EC0-301F-11D3-BF4B-00C04F79EFBC}") = "CoreSharp.Breeze", "CoreSharp.Breeze\CoreSharp.Breeze.csproj", "{E3D9913D-983C-4262-ABBC-791FB5E91C7C}"
EndProject
Project("{FAE04EC0-301F-11D3-BF4B-00C04F79EFBC}") = "CoreSharp.Breeze.AspNetCore", "CoreSharp.Breeze.AspNetCore\CoreSharp.Breeze.AspNetCore.csproj", "{272B5ED6-0BAE-45EC-B1A2-A3F7EE7567D0}"
EndProject
Project("{FAE04EC0-301F-11D3-BF4B-00C04F79EFBC}") = "CoreSharp.Breeze.AspNet", "CoreSharp.Breeze.AspNet\CoreSharp.Breeze.AspNet.csproj", "{4D5DFCDD-941D-41D4-A029-1104CB6B5394}"
EndProject
Global
	GlobalSection(SolutionConfigurationPlatforms) = preSolution
		Debug|Any CPU = Debug|Any CPU
		Debug|x64 = Debug|x64
		Debug|x86 = Debug|x86
		Release|Any CPU = Release|Any CPU
		Release|x64 = Release|x64
		Release|x86 = Release|x86
	EndGlobalSection
	GlobalSection(SolutionProperties) = preSolution
		HideSolutionNode = FALSE
	EndGlobalSection
	GlobalSection(ProjectConfigurationPlatforms) = postSolution
		{BDE123B6-E1D3-4EC8-AA9A-400B4E186141}.Debug|Any CPU.ActiveCfg = Debug|Any CPU
		{BDE123B6-E1D3-4EC8-AA9A-400B4E186141}.Debug|Any CPU.Build.0 = Debug|Any CPU
		{BDE123B6-E1D3-4EC8-AA9A-400B4E186141}.Debug|x64.ActiveCfg = Debug|Any CPU
		{BDE123B6-E1D3-4EC8-AA9A-400B4E186141}.Debug|x64.Build.0 = Debug|Any CPU
		{BDE123B6-E1D3-4EC8-AA9A-400B4E186141}.Debug|x86.ActiveCfg = Debug|Any CPU
		{BDE123B6-E1D3-4EC8-AA9A-400B4E186141}.Debug|x86.Build.0 = Debug|Any CPU
		{BDE123B6-E1D3-4EC8-AA9A-400B4E186141}.Release|Any CPU.ActiveCfg = Release|Any CPU
		{BDE123B6-E1D3-4EC8-AA9A-400B4E186141}.Release|Any CPU.Build.0 = Release|Any CPU
		{BDE123B6-E1D3-4EC8-AA9A-400B4E186141}.Release|x64.ActiveCfg = Release|Any CPU
		{BDE123B6-E1D3-4EC8-AA9A-400B4E186141}.Release|x64.Build.0 = Release|Any CPU
		{BDE123B6-E1D3-4EC8-AA9A-400B4E186141}.Release|x86.ActiveCfg = Release|Any CPU
		{BDE123B6-E1D3-4EC8-AA9A-400B4E186141}.Release|x86.Build.0 = Release|Any CPU
		{82C48217-8FEF-4DDC-ABD3-68ED293A5A09}.Debug|Any CPU.ActiveCfg = Debug|Any CPU
		{82C48217-8FEF-4DDC-ABD3-68ED293A5A09}.Debug|Any CPU.Build.0 = Debug|Any CPU
		{82C48217-8FEF-4DDC-ABD3-68ED293A5A09}.Debug|x64.ActiveCfg = Debug|Any CPU
		{82C48217-8FEF-4DDC-ABD3-68ED293A5A09}.Debug|x64.Build.0 = Debug|Any CPU
		{82C48217-8FEF-4DDC-ABD3-68ED293A5A09}.Debug|x86.ActiveCfg = Debug|Any CPU
		{82C48217-8FEF-4DDC-ABD3-68ED293A5A09}.Debug|x86.Build.0 = Debug|Any CPU
		{82C48217-8FEF-4DDC-ABD3-68ED293A5A09}.Release|Any CPU.ActiveCfg = Release|Any CPU
		{82C48217-8FEF-4DDC-ABD3-68ED293A5A09}.Release|Any CPU.Build.0 = Release|Any CPU
		{82C48217-8FEF-4DDC-ABD3-68ED293A5A09}.Release|x64.ActiveCfg = Release|Any CPU
		{82C48217-8FEF-4DDC-ABD3-68ED293A5A09}.Release|x64.Build.0 = Release|Any CPU
		{82C48217-8FEF-4DDC-ABD3-68ED293A5A09}.Release|x86.ActiveCfg = Release|Any CPU
		{82C48217-8FEF-4DDC-ABD3-68ED293A5A09}.Release|x86.Build.0 = Release|Any CPU
		{20BB5FED-AC99-4001-8B40-17CE969D6407}.Debug|Any CPU.ActiveCfg = Debug|Any CPU
		{20BB5FED-AC99-4001-8B40-17CE969D6407}.Debug|Any CPU.Build.0 = Debug|Any CPU
		{20BB5FED-AC99-4001-8B40-17CE969D6407}.Debug|x64.ActiveCfg = Debug|Any CPU
		{20BB5FED-AC99-4001-8B40-17CE969D6407}.Debug|x64.Build.0 = Debug|Any CPU
		{20BB5FED-AC99-4001-8B40-17CE969D6407}.Debug|x86.ActiveCfg = Debug|Any CPU
		{20BB5FED-AC99-4001-8B40-17CE969D6407}.Debug|x86.Build.0 = Debug|Any CPU
		{20BB5FED-AC99-4001-8B40-17CE969D6407}.Release|Any CPU.ActiveCfg = Release|Any CPU
		{20BB5FED-AC99-4001-8B40-17CE969D6407}.Release|Any CPU.Build.0 = Release|Any CPU
		{20BB5FED-AC99-4001-8B40-17CE969D6407}.Release|x64.ActiveCfg = Release|Any CPU
		{20BB5FED-AC99-4001-8B40-17CE969D6407}.Release|x64.Build.0 = Release|Any CPU
		{20BB5FED-AC99-4001-8B40-17CE969D6407}.Release|x86.ActiveCfg = Release|Any CPU
		{20BB5FED-AC99-4001-8B40-17CE969D6407}.Release|x86.Build.0 = Release|Any CPU
		{F0820FA5-B21B-46E1-8131-65085EDD439E}.Debug|Any CPU.ActiveCfg = Debug|Any CPU
		{F0820FA5-B21B-46E1-8131-65085EDD439E}.Debug|Any CPU.Build.0 = Debug|Any CPU
		{F0820FA5-B21B-46E1-8131-65085EDD439E}.Debug|x64.ActiveCfg = Debug|Any CPU
		{F0820FA5-B21B-46E1-8131-65085EDD439E}.Debug|x64.Build.0 = Debug|Any CPU
		{F0820FA5-B21B-46E1-8131-65085EDD439E}.Debug|x86.ActiveCfg = Debug|Any CPU
		{F0820FA5-B21B-46E1-8131-65085EDD439E}.Debug|x86.Build.0 = Debug|Any CPU
		{F0820FA5-B21B-46E1-8131-65085EDD439E}.Release|Any CPU.ActiveCfg = Release|Any CPU
		{F0820FA5-B21B-46E1-8131-65085EDD439E}.Release|Any CPU.Build.0 = Release|Any CPU
		{F0820FA5-B21B-46E1-8131-65085EDD439E}.Release|x64.ActiveCfg = Release|Any CPU
		{F0820FA5-B21B-46E1-8131-65085EDD439E}.Release|x64.Build.0 = Release|Any CPU
		{F0820FA5-B21B-46E1-8131-65085EDD439E}.Release|x86.ActiveCfg = Release|Any CPU
		{F0820FA5-B21B-46E1-8131-65085EDD439E}.Release|x86.Build.0 = Release|Any CPU
		{4BA99440-998F-4A5B-8CB7-44786F466C45}.Debug|Any CPU.ActiveCfg = Debug|Any CPU
		{4BA99440-998F-4A5B-8CB7-44786F466C45}.Debug|Any CPU.Build.0 = Debug|Any CPU
		{4BA99440-998F-4A5B-8CB7-44786F466C45}.Debug|x64.ActiveCfg = Debug|Any CPU
		{4BA99440-998F-4A5B-8CB7-44786F466C45}.Debug|x64.Build.0 = Debug|Any CPU
		{4BA99440-998F-4A5B-8CB7-44786F466C45}.Debug|x86.ActiveCfg = Debug|Any CPU
		{4BA99440-998F-4A5B-8CB7-44786F466C45}.Debug|x86.Build.0 = Debug|Any CPU
		{4BA99440-998F-4A5B-8CB7-44786F466C45}.Release|Any CPU.ActiveCfg = Release|Any CPU
		{4BA99440-998F-4A5B-8CB7-44786F466C45}.Release|Any CPU.Build.0 = Release|Any CPU
		{4BA99440-998F-4A5B-8CB7-44786F466C45}.Release|x64.ActiveCfg = Release|Any CPU
		{4BA99440-998F-4A5B-8CB7-44786F466C45}.Release|x64.Build.0 = Release|Any CPU
		{4BA99440-998F-4A5B-8CB7-44786F466C45}.Release|x86.ActiveCfg = Release|Any CPU
		{4BA99440-998F-4A5B-8CB7-44786F466C45}.Release|x86.Build.0 = Release|Any CPU
		{E3D9913D-983C-4262-ABBC-791FB5E91C7C}.Debug|Any CPU.ActiveCfg = Debug|Any CPU
		{E3D9913D-983C-4262-ABBC-791FB5E91C7C}.Debug|Any CPU.Build.0 = Debug|Any CPU
		{E3D9913D-983C-4262-ABBC-791FB5E91C7C}.Debug|x64.ActiveCfg = Debug|Any CPU
		{E3D9913D-983C-4262-ABBC-791FB5E91C7C}.Debug|x64.Build.0 = Debug|Any CPU
		{E3D9913D-983C-4262-ABBC-791FB5E91C7C}.Debug|x86.ActiveCfg = Debug|Any CPU
		{E3D9913D-983C-4262-ABBC-791FB5E91C7C}.Debug|x86.Build.0 = Debug|Any CPU
		{E3D9913D-983C-4262-ABBC-791FB5E91C7C}.Release|Any CPU.ActiveCfg = Release|Any CPU
		{E3D9913D-983C-4262-ABBC-791FB5E91C7C}.Release|Any CPU.Build.0 = Release|Any CPU
		{E3D9913D-983C-4262-ABBC-791FB5E91C7C}.Release|x64.ActiveCfg = Release|Any CPU
		{E3D9913D-983C-4262-ABBC-791FB5E91C7C}.Release|x64.Build.0 = Release|Any CPU
		{E3D9913D-983C-4262-ABBC-791FB5E91C7C}.Release|x86.ActiveCfg = Release|Any CPU
		{E3D9913D-983C-4262-ABBC-791FB5E91C7C}.Release|x86.Build.0 = Release|Any CPU
		{272B5ED6-0BAE-45EC-B1A2-A3F7EE7567D0}.Debug|Any CPU.ActiveCfg = Debug|Any CPU
		{272B5ED6-0BAE-45EC-B1A2-A3F7EE7567D0}.Debug|Any CPU.Build.0 = Debug|Any CPU
		{272B5ED6-0BAE-45EC-B1A2-A3F7EE7567D0}.Debug|x64.ActiveCfg = Debug|Any CPU
		{272B5ED6-0BAE-45EC-B1A2-A3F7EE7567D0}.Debug|x64.Build.0 = Debug|Any CPU
		{272B5ED6-0BAE-45EC-B1A2-A3F7EE7567D0}.Debug|x86.ActiveCfg = Debug|Any CPU
		{272B5ED6-0BAE-45EC-B1A2-A3F7EE7567D0}.Debug|x86.Build.0 = Debug|Any CPU
		{272B5ED6-0BAE-45EC-B1A2-A3F7EE7567D0}.Release|Any CPU.ActiveCfg = Release|Any CPU
		{272B5ED6-0BAE-45EC-B1A2-A3F7EE7567D0}.Release|Any CPU.Build.0 = Release|Any CPU
		{272B5ED6-0BAE-45EC-B1A2-A3F7EE7567D0}.Release|x64.ActiveCfg = Release|Any CPU
		{272B5ED6-0BAE-45EC-B1A2-A3F7EE7567D0}.Release|x64.Build.0 = Release|Any CPU
		{272B5ED6-0BAE-45EC-B1A2-A3F7EE7567D0}.Release|x86.ActiveCfg = Release|Any CPU
		{272B5ED6-0BAE-45EC-B1A2-A3F7EE7567D0}.Release|x86.Build.0 = Release|Any CPU
		{4D5DFCDD-941D-41D4-A029-1104CB6B5394}.Debug|Any CPU.ActiveCfg = Debug|Any CPU
		{4D5DFCDD-941D-41D4-A029-1104CB6B5394}.Debug|Any CPU.Build.0 = Debug|Any CPU
		{4D5DFCDD-941D-41D4-A029-1104CB6B5394}.Debug|x64.ActiveCfg = Debug|Any CPU
		{4D5DFCDD-941D-41D4-A029-1104CB6B5394}.Debug|x64.Build.0 = Debug|Any CPU
		{4D5DFCDD-941D-41D4-A029-1104CB6B5394}.Debug|x86.ActiveCfg = Debug|Any CPU
		{4D5DFCDD-941D-41D4-A029-1104CB6B5394}.Debug|x86.Build.0 = Debug|Any CPU
		{4D5DFCDD-941D-41D4-A029-1104CB6B5394}.Release|Any CPU.ActiveCfg = Release|Any CPU
		{4D5DFCDD-941D-41D4-A029-1104CB6B5394}.Release|Any CPU.Build.0 = Release|Any CPU
		{4D5DFCDD-941D-41D4-A029-1104CB6B5394}.Release|x64.ActiveCfg = Release|Any CPU
		{4D5DFCDD-941D-41D4-A029-1104CB6B5394}.Release|x64.Build.0 = Release|Any CPU
		{4D5DFCDD-941D-41D4-A029-1104CB6B5394}.Release|x86.ActiveCfg = Release|Any CPU
		{4D5DFCDD-941D-41D4-A029-1104CB6B5394}.Release|x86.Build.0 = Release|Any CPU
	EndGlobalSection
EndGlobal
